
Microsoft Visual Studio Solution File, Format Version 12.00
# Visual Studio Version 16
VisualStudioVersion = 16.0.30717.126
MinimumVisualStudioVersion = 10.0.40219.1
Project("{2150E333-8FDC-42A3-9474-1A3956D46DE8}") = "src", "src", "{827E0CD3-B72D-47B6-A68D-7590B98EB39B}"
EndProject
Project("{2150E333-8FDC-42A3-9474-1A3956D46DE8}") = "1-Core", "1-Core", "{B8FCAD5A-6EC4-42D4-B29D-3A24BFEA8DD1}"
EndProject
Project("{2150E333-8FDC-42A3-9474-1A3956D46DE8}") = "2-Application", "2-Application", "{D7E81E56-2A8F-4A62-B1D9-9F9D655E2D16}"
EndProject
Project("{2150E333-8FDC-42A3-9474-1A3956D46DE8}") = "3-Infrastructure", "3-Infrastructure", "{A8B6B55E-73A8-4B12-BE97-6D9DAF3770F5}"
EndProject
Project("{2150E333-8FDC-42A3-9474-1A3956D46DE8}") = "4-Presentation", "4-Presentation", "{F6204B56-D4CE-4D6B-9B20-861B03A0F1D4}"
EndProject
Project("{FAE04EC0-301F-11D3-BF4B-00C04F79EFBC}") = "Asisste.Domain", "src\1-Core\Asisste.Domain\Asisste.Domain.csproj", "{4969181B-BA8C-4DA2-A821-3A1AA89BE98B}"
EndProject
Project("{FAE04EC0-301F-11D3-BF4B-00C04F79EFBC}") = "Asisste.Services", "src\2-Application\Asisste.Services\Asisste.Services.csproj", "{326BBD07-9388-4756-87F2-801D6D967F90}"
EndProject
Project("{FAE04EC0-301F-11D3-BF4B-00C04F79EFBC}") = "Asisste.Data", "src\3-Infrastructure\Asisste.Data\Asisste.Data.csproj", "{C7CFAB75-49DB-4BE9-A106-23010EA9ACC7}"
EndProject
Project("{FAE04EC0-301F-11D3-BF4B-00C04F79EFBC}") = "Asisste.ApiData", "src\3-Infrastructure\Asisste.ApiData\Asisste.ApiData.csproj", "{C7ED3B02-D299-4B98-B0A5-F0B5C403CF1E}"
EndProject
Project("{FAE04EC0-301F-11D3-BF4B-00C04F79EFBC}") = "Asisste.API", "src\4-Presentation\Asisste.API\Asisste.API.csproj", "{87D56D0F-D83A-4DF0-AD57-780CC03DB227}"
EndProject
Project("{FAE04EC0-301F-11D3-BF4B-00C04F79EFBC}") = "Asisste.MAUI", "src\4-Presentation\Asisste.MAUI\Asisste.MAUI.csproj", "{77DFC336-0C00-49AB-835A-1B88AA62D729}"
EndProject
Project("{2150E333-8FDC-42A3-9474-1A3956D46DE8}") = "Asisste.Web", "Asisste.Web", "{E2ADAE24-D7A1-4C5E-97F6-7B647564F605}"
	ProjectSection(SolutionItems) = preProject
		src\4-Presentation\Asisste.Web\README.md = src\4-Presentation\Asisste.Web\README.md
	EndProjectSection
EndProject
Project("{2150E333-8FDC-42A3-9474-1A3956D46DE8}") = "tests", "tests", "{F52D5098-1F6D-425C-9FB3-6B643A5A1E4E}"
EndProject
Project("{FAE04EC0-301F-11D3-BF4B-00C04F79EFBC}") = "Asisste.Domain.Tests", "tests\Asisste.Domain.Tests\Asisste.Domain.Tests.csproj", "{4A11F8E4-5F4E-4E8A-8B3E-6F0E1AF28AC9}"
EndProject
Project("{2150E333-8FDC-42A3-9474-1A3956D46DE8}") = "docs", "docs", "{9B27C5E1-229D-4D3B-9D88-6F41375C5E1A}"
	ProjectSection(SolutionItems) = preProject
		docs\legacy-gap-analysis.md = docs\legacy-gap-analysis.md
		docs\monorepo-structure.md = docs\monorepo-structure.md
		docs\wcf-strangler-decommissioning.md = docs\wcf-strangler-decommissioning.md
	EndProjectSection
EndProject
Global
	GlobalSection(SolutionConfigurationPlatforms) = preSolution
		Debug|Any CPU = Debug|Any CPU
		Debug|x64 = Debug|x64
		Debug|x86 = Debug|x86
		Release|Any CPU = Release|Any CPU
		Release|x64 = Release|x64
		Release|x86 = Release|x86
	EndGlobalSection
	GlobalSection(ProjectConfigurationPlatforms) = postSolution
		{4969181B-BA8C-4DA2-A821-3A1AA89BE98B}.Debug|Any CPU.ActiveCfg = Debug|Any CPU
		{4969181B-BA8C-4DA2-A821-3A1AA89BE98B}.Debug|Any CPU.Build.0 = Debug|Any CPU
		{4969181B-BA8C-4DA2-A821-3A1AA89BE98B}.Debug|x64.ActiveCfg = Debug|Any CPU
		{4969181B-BA8C-4DA2-A821-3A1AA89BE98B}.Debug|x64.Build.0 = Debug|Any CPU
		{4969181B-BA8C-4DA2-A821-3A1AA89BE98B}.Debug|x86.ActiveCfg = Debug|Any CPU
		{4969181B-BA8C-4DA2-A821-3A1AA89BE98B}.Debug|x86.Build.0 = Debug|Any CPU
		{4969181B-BA8C-4DA2-A821-3A1AA89BE98B}.Release|Any CPU.ActiveCfg = Release|Any CPU
		{4969181B-BA8C-4DA2-A821-3A1AA89BE98B}.Release|Any CPU.Build.0 = Release|Any CPU
		{4969181B-BA8C-4DA2-A821-3A1AA89BE98B}.Release|x64.ActiveCfg = Release|Any CPU
		{4969181B-BA8C-4DA2-A821-3A1AA89BE98B}.Release|x64.Build.0 = Release|Any CPU
		{4969181B-BA8C-4DA2-A821-3A1AA89BE98B}.Release|x86.ActiveCfg = Release|Any CPU
		{4969181B-BA8C-4DA2-A821-3A1AA89BE98B}.Release|x86.Build.0 = Release|Any CPU
		{326BBD07-9388-4756-87F2-801D6D967F90}.Debug|Any CPU.ActiveCfg = Debug|Any CPU
		{326BBD07-9388-4756-87F2-801D6D967F90}.Debug|Any CPU.Build.0 = Debug|Any CPU
		{326BBD07-9388-4756-87F2-801D6D967F90}.Debug|x64.ActiveCfg = Debug|Any CPU
		{326BBD07-9388-4756-87F2-801D6D967F90}.Debug|x64.Build.0 = Debug|Any CPU
		{326BBD07-9388-4756-87F2-801D6D967F90}.Debug|x86.ActiveCfg = Debug|Any CPU
		{326BBD07-9388-4756-87F2-801D6D967F90}.Debug|x86.Build.0 = Debug|Any CPU
		{326BBD07-9388-4756-87F2-801D6D967F90}.Release|Any CPU.ActiveCfg = Release|Any CPU
		{326BBD07-9388-4756-87F2-801D6D967F90}.Release|Any CPU.Build.0 = Release|Any CPU
		{326BBD07-9388-4756-87F2-801D6D967F90}.Release|x64.ActiveCfg = Release|Any CPU
		{326BBD07-9388-4756-87F2-801D6D967F90}.Release|x64.Build.0 = Release|Any CPU
		{326BBD07-9388-4756-87F2-801D6D967F90}.Release|x86.ActiveCfg = Release|Any CPU
		{326BBD07-9388-4756-87F2-801D6D967F90}.Release|x86.Build.0 = Release|Any CPU
		{C7CFAB75-49DB-4BE9-A106-23010EA9ACC7}.Debug|Any CPU.ActiveCfg = Debug|Any CPU
		{C7CFAB75-49DB-4BE9-A106-23010EA9ACC7}.Debug|Any CPU.Build.0 = Debug|Any CPU
		{C7CFAB75-49DB-4BE9-A106-23010EA9ACC7}.Debug|x64.ActiveCfg = Debug|Any CPU
		{C7CFAB75-49DB-4BE9-A106-23010EA9ACC7}.Debug|x64.Build.0 = Debug|Any CPU
		{C7CFAB75-49DB-4BE9-A106-23010EA9ACC7}.Debug|x86.ActiveCfg = Debug|Any CPU
		{C7CFAB75-49DB-4BE9-A106-23010EA9ACC7}.Debug|x86.Build.0 = Debug|Any CPU
		{C7CFAB75-49DB-4BE9-A106-23010EA9ACC7}.Release|Any CPU.ActiveCfg = Release|Any CPU
		{C7CFAB75-49DB-4BE9-A106-23010EA9ACC7}.Release|Any CPU.Build.0 = Release|Any CPU
		{C7CFAB75-49DB-4BE9-A106-23010EA9ACC7}.Release|x64.ActiveCfg = Release|Any CPU
		{C7CFAB75-49DB-4BE9-A106-23010EA9ACC7}.Release|x64.Build.0 = Release|Any CPU
		{C7CFAB75-49DB-4BE9-A106-23010EA9ACC7}.Release|x86.ActiveCfg = Release|Any CPU
		{C7CFAB75-49DB-4BE9-A106-23010EA9ACC7}.Release|x86.Build.0 = Release|Any CPU
		{C7ED3B02-D299-4B98-B0A5-F0B5C403CF1E}.Debug|Any CPU.ActiveCfg = Debug|Any CPU
		{C7ED3B02-D299-4B98-B0A5-F0B5C403CF1E}.Debug|Any CPU.Build.0 = Debug|Any CPU
		{C7ED3B02-D299-4B98-B0A5-F0B5C403CF1E}.Debug|x64.ActiveCfg = Debug|Any CPU
		{C7ED3B02-D299-4B98-B0A5-F0B5C403CF1E}.Debug|x64.Build.0 = Debug|Any CPU
		{C7ED3B02-D299-4B98-B0A5-F0B5C403CF1E}.Debug|x86.ActiveCfg = Debug|Any CPU
		{C7ED3B02-D299-4B98-B0A5-F0B5C403CF1E}.Debug|x86.Build.0 = Debug|Any CPU
		{C7ED3B02-D299-4B98-B0A5-F0B5C403CF1E}.Release|Any CPU.ActiveCfg = Release|Any CPU
		{C7ED3B02-D299-4B98-B0A5-F0B5C403CF1E}.Release|Any CPU.Build.0 = Release|Any CPU
		{C7ED3B02-D299-4B98-B0A5-F0B5C403CF1E}.Release|x64.ActiveCfg = Release|Any CPU
		{C7ED3B02-D299-4B98-B0A5-F0B5C403CF1E}.Release|x64.Build.0 = Release|Any CPU
		{C7ED3B02-D299-4B98-B0A5-F0B5C403CF1E}.Release|x86.ActiveCfg = Release|Any CPU
		{C7ED3B02-D299-4B98-B0A5-F0B5C403CF1E}.Release|x86.Build.0 = Release|Any CPU
		{87D56D0F-D83A-4DF0-AD57-780CC03DB227}.Debug|Any CPU.ActiveCfg = Debug|Any CPU
		{87D56D0F-D83A-4DF0-AD57-780CC03DB227}.Debug|Any CPU.Build.0 = Debug|Any CPU
		{87D56D0F-D83A-4DF0-AD57-780CC03DB227}.Debug|x64.ActiveCfg = Debug|Any CPU
		{87D56D0F-D83A-4DF0-AD57-780CC03DB227}.Debug|x64.Build.0 = Debug|Any CPU
		{87D56D0F-D83A-4DF0-AD57-780CC03DB227}.Debug|x86.ActiveCfg = Debug|Any CPU
		{87D56D0F-D83A-4DF0-AD57-780CC03DB227}.Debug|x86.Build.0 = Debug|Any CPU
		{87D56D0F-D83A-4DF0-AD57-780CC03DB227}.Release|Any CPU.ActiveCfg = Release|Any CPU
		{87D56D0F-D83A-4DF0-AD57-780CC03DB227}.Release|Any CPU.Build.0 = Release|Any CPU
		{87D56D0F-D83A-4DF0-AD57-780CC03DB227}.Release|x64.ActiveCfg = Release|Any CPU
		{87D56D0F-D83A-4DF0-AD57-780CC03DB227}.Release|x64.Build.0 = Release|Any CPU
		{87D56D0F-D83A-4DF0-AD57-780CC03DB227}.Release|x86.ActiveCfg = Release|Any CPU
		{87D56D0F-D83A-4DF0-AD57-780CC03DB227}.Release|x86.Build.0 = Release|Any CPU
		{77DFC336-0C00-49AB-835A-1B88AA62D729}.Debug|Any CPU.ActiveCfg = Debug|Any CPU
		{77DFC336-0C00-49AB-835A-1B88AA62D729}.Debug|Any CPU.Build.0 = Debug|Any CPU
		{77DFC336-0C00-49AB-835A-1B88AA62D729}.Debug|x64.ActiveCfg = Debug|Any CPU
		{77DFC336-0C00-49AB-835A-1B88AA62D729}.Debug|x64.Build.0 = Debug|Any CPU
		{77DFC336-0C00-49AB-835A-1B88AA62D729}.Debug|x86.ActiveCfg = Debug|Any CPU
		{77DFC336-0C00-49AB-835A-1B88AA62D729}.Debug|x86.Build.0 = Debug|Any CPU
		{77DFC336-0C00-49AB-835A-1B88AA62D729}.Release|Any CPU.ActiveCfg = Release|Any CPU
		{77DFC336-0C00-49AB-835A-1B88AA62D729}.Release|Any CPU.Build.0 = Release|Any CPU
		{77DFC336-0C00-49AB-835A-1B88AA62D729}.Release|x64.ActiveCfg = Release|Any CPU
		{77DFC336-0C00-49AB-835A-1B88AA62D729}.Release|x64.Build.0 = Release|Any CPU
		{77DFC336-0C00-49AB-835A-1B88AA62D729}.Release|x86.ActiveCfg = Release|Any CPU
		{77DFC336-0C00-49AB-835A-1B88AA62D729}.Release|x86.Build.0 = Release|Any CPU
		{4A11F8E4-5F4E-4E8A-8B3E-6F0E1AF28AC9}.Debug|Any CPU.ActiveCfg = Debug|Any CPU
		{4A11F8E4-5F4E-4E8A-8B3E-6F0E1AF28AC9}.Debug|Any CPU.Build.0 = Debug|Any CPU
		{4A11F8E4-5F4E-4E8A-8B3E-6F0E1AF28AC9}.Debug|x64.ActiveCfg = Debug|Any CPU
		{4A11F8E4-5F4E-4E8A-8B3E-6F0E1AF28AC9}.Debug|x64.Build.0 = Debug|Any CPU
		{4A11F8E4-5F4E-4E8A-8B3E-6F0E1AF28AC9}.Debug|x86.ActiveCfg = Debug|Any CPU
		{4A11F8E4-5F4E-4E8A-8B3E-6F0E1AF28AC9}.Debug|x86.Build.0 = Debug|Any CPU
		{4A11F8E4-5F4E-4E8A-8B3E-6F0E1AF28AC9}.Release|Any CPU.ActiveCfg = Release|Any CPU
		{4A11F8E4-5F4E-4E8A-8B3E-6F0E1AF28AC9}.Release|Any CPU.Build.0 = Release|Any CPU
		{4A11F8E4-5F4E-4E8A-8B3E-6F0E1AF28AC9}.Release|x64.ActiveCfg = Release|Any CPU
		{4A11F8E4-5F4E-4E8A-8B3E-6F0E1AF28AC9}.Release|x64.Build.0 = Release|Any CPU
		{4A11F8E4-5F4E-4E8A-8B3E-6F0E1AF28AC9}.Release|x86.ActiveCfg = Release|Any CPU
		{4A11F8E4-5F4E-4E8A-8B3E-6F0E1AF28AC9}.Release|x86.Build.0 = Release|Any CPU
	EndGlobalSection
	GlobalSection(SolutionProperties) = preSolution
		HideSolutionNode = FALSE
	EndGlobalSection
	GlobalSection(NestedProjects) = preSolution
		{B8FCAD5A-6EC4-42D4-B29D-3A24BFEA8DD1} = {827E0CD3-B72D-47B6-A68D-7590B98EB39B}
		{D7E81E56-2A8F-4A62-B1D9-9F9D655E2D16} = {827E0CD3-B72D-47B6-A68D-7590B98EB39B}
		{A8B6B55E-73A8-4B12-BE97-6D9DAF3770F5} = {827E0CD3-B72D-47B6-A68D-7590B98EB39B}
		{F6204B56-D4CE-4D6B-9B20-861B03A0F1D4} = {827E0CD3-B72D-47B6-A68D-7590B98EB39B}
		{4969181B-BA8C-4DA2-A821-3A1AA89BE98B} = {B8FCAD5A-6EC4-42D4-B29D-3A24BFEA8DD1}
		{326BBD07-9388-4756-87F2-801D6D967F90} = {D7E81E56-2A8F-4A62-B1D9-9F9D655E2D16}
		{C7CFAB75-49DB-4BE9-A106-23010EA9ACC7} = {A8B6B55E-73A8-4B12-BE97-6D9DAF3770F5}
		{C7ED3B02-D299-4B98-B0A5-F0B5C403CF1E} = {A8B6B55E-73A8-4B12-BE97-6D9DAF3770F5}
		{87D56D0F-D83A-4DF0-AD57-780CC03DB227} = {F6204B56-D4CE-4D6B-9B20-861B03A0F1D4}
		{77DFC336-0C00-49AB-835A-1B88AA62D729} = {F6204B56-D4CE-4D6B-9B20-861B03A0F1D4}
		{E2ADAE24-D7A1-4C5E-97F6-7B647564F605} = {F6204B56-D4CE-4D6B-9B20-861B03A0F1D4}
		{4A11F8E4-5F4E-4E8A-8B3E-6F0E1AF28AC9} = {F52D5098-1F6D-425C-9FB3-6B643A5A1E4E}
	EndGlobalSection
	GlobalSection(ExtensibilityGlobals) = postSolution
		SolutionGuid = {E73F23D8-3C19-4FD6-90F5-23448CAF36DB}
	EndGlobalSection
EndGlobal
